
Microsoft Visual Studio Solution File, Format Version 12.00
# Visual Studio Version 16
VisualStudioVersion = 16.0.31313.79
MinimumVisualStudioVersion = 10.0.40219.1
Project("{FAE04EC0-301F-11D3-BF4B-00C04F79EFBC}") = "WebApi", "WebApi\WebApi.csproj", "{617E27DA-2384-497B-9B08-8EEFA62FD708}"
EndProject
Global
	GlobalSection(SolutionConfigurationPlatforms) = preSolution
		Debug|Any CPU = Debug|Any CPU
		Release|Any CPU = Release|Any CPU
	EndGlobalSection
	GlobalSection(ProjectConfigurationPlatforms) = postSolution
		{617E27DA-2384-497B-9B08-8EEFA62FD708}.Debug|Any CPU.ActiveCfg = Debug|Any CPU
		{617E27DA-2384-497B-9B08-8EEFA62FD708}.Debug|Any CPU.Build.0 = Debug|Any CPU
		{617E27DA-2384-497B-9B08-8EEFA62FD708}.Release|Any CPU.ActiveCfg = Release|Any CPU
		{617E27DA-2384-497B-9B08-8EEFA62FD708}.Release|Any CPU.Build.0 = Release|Any CPU
	EndGlobalSection
	GlobalSection(SolutionProperties) = preSolution
		HideSolutionNode = FALSE
	EndGlobalSection
	GlobalSection(ExtensibilityGlobals) = postSolution
		SolutionGuid = {128EAC41-3A3B-4821-8FF7-0CF57736CF75}
	EndGlobalSection
EndGlobal
